// !$*UTF8*$!
{
	archiveVersion = 1;
	classes = {
	};
	objectVersion = 56;
	objects = {

/* Begin PBXGroup section */
		D63AABEE2B35675400C16DE0 = {
			isa = PBXGroup;
			children = (
			);
			sourceTree = "<group>";
		};
/* End PBXGroup section */

/* Begin PBXProject section */
		D63AABEF2B35675400C16DE0 /* Project object */ = {
			isa = PBXProject;
			attributes = {
				BuildIndependentTargetsInParallel = 1;
				LastUpgradeCheck = 1430;
			};
			buildConfigurationList = D63AABF22B35675400C16DE0 /* Build configuration list for PBXProject "FirstSwift" */;
			compatibilityVersion = "Xcode 14.0";
			developmentRegion = en;
			hasScannedForEncodings = 0;
			knownRegions = (
				en,
				Base,
			);
			mainGroup = D63AABEE2B35675400C16DE0;
			projectDirPath = "";
			projectRoot = "";
			targets = (
			);
		};
/* End PBXProject section */

/* Begin XCBuildConfiguration section */
		D63AABF32B35675400C16DE0 /* Debug */ = {
			isa = XCBuildConfiguration;
			buildSettings = {
			};
			name = Debug;
		};
		D63AABF42B35675400C16DE0 /* Release */ = {
			isa = XCBuildConfiguration;
			buildSettings = {
			};
			name = Release;
		};
/* End XCBuildConfiguration section */

/* Begin XCConfigurationList section */
		D63AABF22B35675400C16DE0 /* Build configuration list for PBXProject "FirstSwift" */ = {
			isa = XCConfigurationList;
			buildConfigurations = (
				D63AABF32B35675400C16DE0 /* Debug */,
				D63AABF42B35675400C16DE0 /* Release */,
			);
			defaultConfigurationIsVisible = 0;
			defaultConfigurationName = Release;
		};
/* End XCConfigurationList section */
	};
	rootObject = D63AABEF2B35675400C16DE0 /* Project object */;
}
